
Microsoft Visual Studio Solution File, Format Version 12.00
# Visual Studio 2013
VisualStudioVersion = 12.0.31101.0
MinimumVisualStudioVersion = 10.0.40219.1
Project("{F2A71F9B-5D33-465A-A702-920D77279786}") = "XRoadProvider", "XRoadProvider\XRoadProvider.fsproj", "{4E04C5A5-00B9-4D7C-8501-31B4B7389671}"
EndProject
Project("{2150E333-8FDC-42A3-9474-1A3956D46DE8}") = "Solution Files", "Solution Files", "{B5BC653F-B0DB-4C0D-AB47-A15B4469215A}"
	ProjectSection(SolutionItems) = preProject
		.gitignore = .gitignore
		Build.cmd = Build.cmd
		Build.fsx = Build.fsx
		LICENSE.md = LICENSE.md
		paket.dependencies = paket.dependencies
		README.md = README.md
		RELEASENOTES.md = RELEASENOTES.md
		XRoadProvider.nuspec = XRoadProvider.nuspec
		Build.sh = Build.sh
	EndProjectSection
EndProject
Project("{2150E333-8FDC-42A3-9474-1A3956D46DE8}") = ".paket", ".paket", "{0592FF8F-3C1F-4B0F-A16C-5478C1CC5228}"
	ProjectSection(SolutionItems) = preProject
		.paket\paket.bootstrapper.exe = .paket\paket.bootstrapper.exe
	EndProjectSection
EndProject
Global
	GlobalSection(SolutionConfigurationPlatforms) = preSolution
		Debug|Any CPU = Debug|Any CPU
		Release|Any CPU = Release|Any CPU
	EndGlobalSection
	GlobalSection(ProjectConfigurationPlatforms) = postSolution
		{4E04C5A5-00B9-4D7C-8501-31B4B7389671}.Debug|Any CPU.ActiveCfg = Debug|Any CPU
		{4E04C5A5-00B9-4D7C-8501-31B4B7389671}.Debug|Any CPU.Build.0 = Debug|Any CPU
		{4E04C5A5-00B9-4D7C-8501-31B4B7389671}.Release|Any CPU.ActiveCfg = Release|Any CPU
		{4E04C5A5-00B9-4D7C-8501-31B4B7389671}.Release|Any CPU.Build.0 = Release|Any CPU
	EndGlobalSection
	GlobalSection(SolutionProperties) = preSolution
		HideSolutionNode = FALSE
	EndGlobalSection
	GlobalSection(MonoDevelopProperties) = preSolution
		Policies = $0
		$0.TextStylePolicy = $5
		$1.FileWidth = 120
		$1.TabWidth = 2
		$1.IndentWidth = 2
		$1.inheritsSet = VisualStudio
		$1.inheritsScope = text/plain
		$1.scope = text/plain
		$2.inheritsSet = null
		$2.scope = application/xml
		$0.XmlFormattingPolicy = $3
		$3.inheritsSet = Mono
		$3.inheritsScope = application/xml
		$3.scope = application/xml
		$0.DotNetNamingPolicy = $4
		$4.DirectoryNamespaceAssociation = None
		$4.ResourceNamePolicy = FileFormatDefault
		$5.FileWidth = 120
		$5.inheritsSet = VisualStudio
		$5.inheritsScope = text/plain
		$5.scope = text/x-fsharp
		$0.FSharpFormattingPolicy = $6
		$6.DefaultFormat = $7
		$7.IndentOnTryWith = False
		$7.ReorderOpenDeclaration = False
		$7.SpaceAfterComma = True
		$7.SpaceAfterSemicolon = True
		$7.SpaceAroundDelimiter = True
		$7.SpaceBeforeArgument = True
		$7.SpaceBeforeColon = True
		$6.scope = text/x-fsharp
	EndGlobalSection
EndGlobal
